{
  "name": "TboyArts",
  "lockfileVersion": 3,
  "requires": true,
  "packages": {
    "": {
      "dependencies": {
        "@paystack/inline-js": "^2.24.0"
      }
    },
    "node_modules/@paystack/inline-js": {
      "version": "2.24.0",
      "resolved": "https://registry.npmjs.org/@paystack/inline-js/-/inline-js-2.24.0.tgz",
      "integrity": "sha512-78O19c7voo02eD1w9qHh74Snuy4u8R301LhHaiPZdNnRv4jlcWCKKzaGslanjwhyaftaSlhaIlV3Cqi6MGIJIQ==",
      "license": "ISC",
      "engines": {
        "node": ">= 22.0.0"
      }
    }
  }
}
